
Microsoft Visual Studio Solution File, Format Version 12.00
# Visual Studio Version 17
VisualStudioVersion = 17.14.36202.13 d17.14
MinimumVisualStudioVersion = 10.0.40219.1
Project("{FAE04EC0-301F-11D3-BF4B-00C04F79EFBC}") = "API-Day1", "API-Day1\API-Day1.csproj", "{78771A56-6694-4B9E-A2C0-5795392D3EEA}"
EndProject
Global
	GlobalSection(SolutionConfigurationPlatforms) = preSolution
		Debug|Any CPU = Debug|Any CPU
		Release|Any CPU = Release|Any CPU
	EndGlobalSection
	GlobalSection(ProjectConfigurationPlatforms) = postSolution
		{78771A56-6694-4B9E-A2C0-5795392D3EEA}.Debug|Any CPU.ActiveCfg = Debug|Any CPU
		{78771A56-6694-4B9E-A2C0-5795392D3EEA}.Debug|Any CPU.Build.0 = Debug|Any CPU
		{78771A56-6694-4B9E-A2C0-5795392D3EEA}.Release|Any CPU.ActiveCfg = Release|Any CPU
		{78771A56-6694-4B9E-A2C0-5795392D3EEA}.Release|Any CPU.Build.0 = Release|Any CPU
	EndGlobalSection
	GlobalSection(SolutionProperties) = preSolution
		HideSolutionNode = FALSE
	EndGlobalSection
	GlobalSection(ExtensibilityGlobals) = postSolution
		SolutionGuid = {93A727BC-0EA3-4168-A217-BB32BBD85805}
	EndGlobalSection
EndGlobal
